
Microsoft Visual Studio Solution File, Format Version 12.00
# Visual Studio Version 16
VisualStudioVersion = 16.0.30413.136
MinimumVisualStudioVersion = 10.0.40219.1
Project("{FAE04EC0-301F-11D3-BF4B-00C04F79EFBC}") = "MockWMService", "MockWMService\MockWMService.csproj", "{757BAC24-B3D0-4C76-BB90-C06AD1F705EC}"
EndProject
Project("{FAE04EC0-301F-11D3-BF4B-00C04F79EFBC}") = "TopshelfBoilerplate", "..\..\..\NET Projects\TopshelfBoilerplate\TopshelfBoilerplate\TopshelfBoilerplate.csproj", "{3435E4C2-C547-4103-9EF4-EA3281A0B1DD}"
EndProject
Global
	GlobalSection(SolutionConfigurationPlatforms) = preSolution
		Debug|Any CPU = Debug|Any CPU
		Release|Any CPU = Release|Any CPU
	EndGlobalSection
	GlobalSection(ProjectConfigurationPlatforms) = postSolution
		{757BAC24-B3D0-4C76-BB90-C06AD1F705EC}.Debug|Any CPU.ActiveCfg = Debug|Any CPU
		{757BAC24-B3D0-4C76-BB90-C06AD1F705EC}.Debug|Any CPU.Build.0 = Debug|Any CPU
		{757BAC24-B3D0-4C76-BB90-C06AD1F705EC}.Release|Any CPU.ActiveCfg = Release|Any CPU
		{757BAC24-B3D0-4C76-BB90-C06AD1F705EC}.Release|Any CPU.Build.0 = Release|Any CPU
		{3435E4C2-C547-4103-9EF4-EA3281A0B1DD}.Debug|Any CPU.ActiveCfg = Debug|Any CPU
		{3435E4C2-C547-4103-9EF4-EA3281A0B1DD}.Debug|Any CPU.Build.0 = Debug|Any CPU
		{3435E4C2-C547-4103-9EF4-EA3281A0B1DD}.Release|Any CPU.ActiveCfg = Release|Any CPU
		{3435E4C2-C547-4103-9EF4-EA3281A0B1DD}.Release|Any CPU.Build.0 = Release|Any CPU
	EndGlobalSection
	GlobalSection(SolutionProperties) = preSolution
		HideSolutionNode = FALSE
	EndGlobalSection
	GlobalSection(ExtensibilityGlobals) = postSolution
		SolutionGuid = {FB99F179-90C5-425D-859E-5181DA7BBC37}
	EndGlobalSection
EndGlobal
